
Microsoft Visual Studio Solution File, Format Version 12.00
# Visual Studio Version 16
VisualStudioVersion = 16.0.31424.327
MinimumVisualStudioVersion = 10.0.40219.1
Project("{FAE04EC0-301F-11D3-BF4B-00C04F79EFBC}") = "catalogo-form", "catalogo-form\catalogo-form.csproj", "{A129B6BE-A798-48B6-9769-D427E1990A92}"
EndProject
Project("{FAE04EC0-301F-11D3-BF4B-00C04F79EFBC}") = "Modelo", "Modelo\Modelo.csproj", "{D61EBE92-B574-48CF-8F68-2EBBFE08AD58}"
EndProject
Project("{FAE04EC0-301F-11D3-BF4B-00C04F79EFBC}") = "Conexion", "Conexion\Conexion.csproj", "{90E6E197-FBC5-4B74-A949-B8218E2BB2DF}"
EndProject
Global
	GlobalSection(SolutionConfigurationPlatforms) = preSolution
		Debug|Any CPU = Debug|Any CPU
		Release|Any CPU = Release|Any CPU
	EndGlobalSection
	GlobalSection(ProjectConfigurationPlatforms) = postSolution
		{A129B6BE-A798-48B6-9769-D427E1990A92}.Debug|Any CPU.ActiveCfg = Debug|Any CPU
		{A129B6BE-A798-48B6-9769-D427E1990A92}.Debug|Any CPU.Build.0 = Debug|Any CPU
		{A129B6BE-A798-48B6-9769-D427E1990A92}.Release|Any CPU.ActiveCfg = Release|Any CPU
		{A129B6BE-A798-48B6-9769-D427E1990A92}.Release|Any CPU.Build.0 = Release|Any CPU
		{D61EBE92-B574-48CF-8F68-2EBBFE08AD58}.Debug|Any CPU.ActiveCfg = Debug|Any CPU
		{D61EBE92-B574-48CF-8F68-2EBBFE08AD58}.Debug|Any CPU.Build.0 = Debug|Any CPU
		{D61EBE92-B574-48CF-8F68-2EBBFE08AD58}.Release|Any CPU.ActiveCfg = Release|Any CPU
		{D61EBE92-B574-48CF-8F68-2EBBFE08AD58}.Release|Any CPU.Build.0 = Release|Any CPU
		{90E6E197-FBC5-4B74-A949-B8218E2BB2DF}.Debug|Any CPU.ActiveCfg = Debug|Any CPU
		{90E6E197-FBC5-4B74-A949-B8218E2BB2DF}.Debug|Any CPU.Build.0 = Debug|Any CPU
		{90E6E197-FBC5-4B74-A949-B8218E2BB2DF}.Release|Any CPU.ActiveCfg = Release|Any CPU
		{90E6E197-FBC5-4B74-A949-B8218E2BB2DF}.Release|Any CPU.Build.0 = Release|Any CPU
	EndGlobalSection
	GlobalSection(SolutionProperties) = preSolution
		HideSolutionNode = FALSE
	EndGlobalSection
	GlobalSection(ExtensibilityGlobals) = postSolution
		SolutionGuid = {67223F60-976C-41FE-B002-8DFB4E06E6F7}
	EndGlobalSection
EndGlobal
